
Microsoft Visual Studio Solution File, Format Version 12.00
# Visual Studio Version 17
VisualStudioVersion = 17.11.35327.3
MinimumVisualStudioVersion = 10.0.40219.1
Project("{9A19103F-16F7-4668-BE54-9A1E7A4F7556}") = "AuthWithAdmin.Server", "Server\AuthWithAdmin.Server.csproj", "{03F80326-459D-4467-825B-06A5AE3F41F8}"
EndProject
Project("{9A19103F-16F7-4668-BE54-9A1E7A4F7556}") = "AuthWithAdmin.Client", "Client\AuthWithAdmin.Client.csproj", "{96157893-999A-49D1-A30D-6A9F528587B2}"
EndProject
Project("{9A19103F-16F7-4668-BE54-9A1E7A4F7556}") = "AuthWithAdmin.Shared", "Shared\AuthWithAdmin.Shared.csproj", "{ED5F1531-4703-4629-B9C4-0C05E0A2BB42}"
EndProject
Project("{2150E333-8FDC-42A3-9474-1A3956D46DE8}") = "Tests", "Tests", "{0AB3BF05-4346-4AA6-1389-037BE0695223}"
EndProject
Project("{FAE04EC0-301F-11D3-BF4B-00C04F79EFBC}") = "AuthWithAdmin.Server.Tests", "Tests\AuthWithAdmin.Server.Tests\AuthWithAdmin.Server.Tests.csproj", "{04057916-3650-4507-AEDB-F45BE75A1389}"
EndProject
Project("{2150E333-8FDC-42A3-9474-1A3956D46DE8}") = "Server", "Server", "{DAD03CFC-D5FA-AC94-41C7-9ABAB326F09E}"
EndProject
Project("{2150E333-8FDC-42A3-9474-1A3956D46DE8}") = "Shared", "Shared", "{4F52FD11-658E-A102-6CD3-7D7C16FFA15B}"
EndProject
Global
	GlobalSection(SolutionConfigurationPlatforms) = preSolution
		Debug|Any CPU = Debug|Any CPU
		Debug|x64 = Debug|x64
		Debug|x86 = Debug|x86
		Release|Any CPU = Release|Any CPU
		Release|x64 = Release|x64
		Release|x86 = Release|x86
	EndGlobalSection
	GlobalSection(ProjectConfigurationPlatforms) = postSolution
		{03F80326-459D-4467-825B-06A5AE3F41F8}.Debug|Any CPU.ActiveCfg = Debug|Any CPU
		{03F80326-459D-4467-825B-06A5AE3F41F8}.Debug|Any CPU.Build.0 = Debug|Any CPU
		{03F80326-459D-4467-825B-06A5AE3F41F8}.Debug|x64.ActiveCfg = Debug|Any CPU
		{03F80326-459D-4467-825B-06A5AE3F41F8}.Debug|x64.Build.0 = Debug|Any CPU
		{03F80326-459D-4467-825B-06A5AE3F41F8}.Debug|x86.ActiveCfg = Debug|Any CPU
		{03F80326-459D-4467-825B-06A5AE3F41F8}.Debug|x86.Build.0 = Debug|Any CPU
		{03F80326-459D-4467-825B-06A5AE3F41F8}.Release|Any CPU.ActiveCfg = Release|Any CPU
		{03F80326-459D-4467-825B-06A5AE3F41F8}.Release|Any CPU.Build.0 = Release|Any CPU
		{03F80326-459D-4467-825B-06A5AE3F41F8}.Release|x64.ActiveCfg = Release|Any CPU
		{03F80326-459D-4467-825B-06A5AE3F41F8}.Release|x64.Build.0 = Release|Any CPU
		{03F80326-459D-4467-825B-06A5AE3F41F8}.Release|x86.ActiveCfg = Release|Any CPU
		{03F80326-459D-4467-825B-06A5AE3F41F8}.Release|x86.Build.0 = Release|Any CPU
		{96157893-999A-49D1-A30D-6A9F528587B2}.Debug|Any CPU.ActiveCfg = Debug|Any CPU
		{96157893-999A-49D1-A30D-6A9F528587B2}.Debug|Any CPU.Build.0 = Debug|Any CPU
		{96157893-999A-49D1-A30D-6A9F528587B2}.Debug|x64.ActiveCfg = Debug|Any CPU
		{96157893-999A-49D1-A30D-6A9F528587B2}.Debug|x64.Build.0 = Debug|Any CPU
		{96157893-999A-49D1-A30D-6A9F528587B2}.Debug|x86.ActiveCfg = Debug|Any CPU
		{96157893-999A-49D1-A30D-6A9F528587B2}.Debug|x86.Build.0 = Debug|Any CPU
		{96157893-999A-49D1-A30D-6A9F528587B2}.Release|Any CPU.ActiveCfg = Release|Any CPU
		{96157893-999A-49D1-A30D-6A9F528587B2}.Release|Any CPU.Build.0 = Release|Any CPU
		{96157893-999A-49D1-A30D-6A9F528587B2}.Release|x64.ActiveCfg = Release|Any CPU
		{96157893-999A-49D1-A30D-6A9F528587B2}.Release|x64.Build.0 = Release|Any CPU
		{96157893-999A-49D1-A30D-6A9F528587B2}.Release|x86.ActiveCfg = Release|Any CPU
		{96157893-999A-49D1-A30D-6A9F528587B2}.Release|x86.Build.0 = Release|Any CPU
		{ED5F1531-4703-4629-B9C4-0C05E0A2BB42}.Debug|Any CPU.ActiveCfg = Debug|Any CPU
		{ED5F1531-4703-4629-B9C4-0C05E0A2BB42}.Debug|Any CPU.Build.0 = Debug|Any CPU
		{ED5F1531-4703-4629-B9C4-0C05E0A2BB42}.Debug|x64.ActiveCfg = Debug|Any CPU
		{ED5F1531-4703-4629-B9C4-0C05E0A2BB42}.Debug|x64.Build.0 = Debug|Any CPU
		{ED5F1531-4703-4629-B9C4-0C05E0A2BB42}.Debug|x86.ActiveCfg = Debug|Any CPU
		{ED5F1531-4703-4629-B9C4-0C05E0A2BB42}.Debug|x86.Build.0 = Debug|Any CPU
		{ED5F1531-4703-4629-B9C4-0C05E0A2BB42}.Release|Any CPU.ActiveCfg = Release|Any CPU
		{ED5F1531-4703-4629-B9C4-0C05E0A2BB42}.Release|Any CPU.Build.0 = Release|Any CPU
		{ED5F1531-4703-4629-B9C4-0C05E0A2BB42}.Release|x64.ActiveCfg = Release|Any CPU
		{ED5F1531-4703-4629-B9C4-0C05E0A2BB42}.Release|x64.Build.0 = Release|Any CPU
		{ED5F1531-4703-4629-B9C4-0C05E0A2BB42}.Release|x86.ActiveCfg = Release|Any CPU
		{ED5F1531-4703-4629-B9C4-0C05E0A2BB42}.Release|x86.Build.0 = Release|Any CPU
		{04057916-3650-4507-AEDB-F45BE75A1389}.Debug|Any CPU.ActiveCfg = Debug|Any CPU
		{04057916-3650-4507-AEDB-F45BE75A1389}.Debug|Any CPU.Build.0 = Debug|Any CPU
		{04057916-3650-4507-AEDB-F45BE75A1389}.Debug|x64.ActiveCfg = Debug|Any CPU
		{04057916-3650-4507-AEDB-F45BE75A1389}.Debug|x64.Build.0 = Debug|Any CPU
		{04057916-3650-4507-AEDB-F45BE75A1389}.Debug|x86.ActiveCfg = Debug|Any CPU
		{04057916-3650-4507-AEDB-F45BE75A1389}.Debug|x86.Build.0 = Debug|Any CPU
		{04057916-3650-4507-AEDB-F45BE75A1389}.Release|Any CPU.ActiveCfg = Release|Any CPU
		{04057916-3650-4507-AEDB-F45BE75A1389}.Release|Any CPU.Build.0 = Release|Any CPU
		{04057916-3650-4507-AEDB-F45BE75A1389}.Release|x64.ActiveCfg = Release|Any CPU
		{04057916-3650-4507-AEDB-F45BE75A1389}.Release|x64.Build.0 = Release|Any CPU
		{04057916-3650-4507-AEDB-F45BE75A1389}.Release|x86.ActiveCfg = Release|Any CPU
		{04057916-3650-4507-AEDB-F45BE75A1389}.Release|x86.Build.0 = Release|Any CPU
	EndGlobalSection
	GlobalSection(SolutionProperties) = preSolution
		HideSolutionNode = FALSE
	EndGlobalSection
	GlobalSection(NestedProjects) = preSolution
		{04057916-3650-4507-AEDB-F45BE75A1389} = {0AB3BF05-4346-4AA6-1389-037BE0695223}
	EndGlobalSection
EndGlobal
